
Microsoft Visual Studio Solution File, Format Version 12.00
# Visual Studio Version 17
VisualStudioVersion = 17.4.33213.308
MinimumVisualStudioVersion = 10.0.40219.1
Project("{2150E333-8FDC-42A3-9474-1A3956D46DE8}") = "src", "src", "{7FD7EBF3-5673-478F-BEB2-38E71E40E02B}"
EndProject
Project("{2150E333-8FDC-42A3-9474-1A3956D46DE8}") = "Tests", "Tests", "{7B6D4DA0-32B3-4CC2-B1C7-4BDEAC1D3BA4}"
EndProject
Project("{2150E333-8FDC-42A3-9474-1A3956D46DE8}") = "config", "config", "{6A5FD70C-363E-4C87-A5B0-EB99B118FB69}"
EndProject
Project("{2150E333-8FDC-42A3-9474-1A3956D46DE8}") = "NewFolder1", "NewFolder1", "{96F578A5-131A-4BD8-BB9D-410E481841DF}"
EndProject
Global
	GlobalSection(SolutionProperties) = preSolution
		HideSolutionNode = FALSE
	EndGlobalSection
	GlobalSection(ExtensibilityGlobals) = postSolution
		SolutionGuid = {3A16826E-5BEB-46E9-9336-D956C01B0E24}
	EndGlobalSection
EndGlobal
